
Microsoft Visual Studio Solution File, Format Version 12.00
Project("{FAE04EC0-301F-11D3-BF4B-00C04F79EFBC}") = "GodotCore", "GodotCore\GodotCore.csproj", "{CBB0FFF3-2CBD-413A-AF7B-E5AD93D172D7}"
EndProject
Project("{FAE04EC0-301F-11D3-BF4B-00C04F79EFBC}") = "GodotEditor", "GodotEditor\GodotEditor.csproj", "{256C0172-DEE8-4F1F-BF97-2AFA31D1DD00}"
EndProject
Global
	GlobalSection(SolutionConfigurationPlatforms) = preSolution
		Debug|Any CPU = Debug|Any CPU
		Release|Any CPU = Release|Any CPU
	EndGlobalSection
	GlobalSection(ProjectConfigurationPlatforms) = postSolution
		{CBB0FFF3-2CBD-413A-AF7B-E5AD93D172D7}.Debug|Any CPU.ActiveCfg = Debug|Any CPU
		{CBB0FFF3-2CBD-413A-AF7B-E5AD93D172D7}.Debug|Any CPU.Build.0 = Debug|Any CPU
		{CBB0FFF3-2CBD-413A-AF7B-E5AD93D172D7}.Release|Any CPU.ActiveCfg = Release|Any CPU
		{CBB0FFF3-2CBD-413A-AF7B-E5AD93D172D7}.Release|Any CPU.Build.0 = Release|Any CPU
		{256C0172-DEE8-4F1F-BF97-2AFA31D1DD00}.Debug|Any CPU.ActiveCfg = Debug|Any CPU
		{256C0172-DEE8-4F1F-BF97-2AFA31D1DD00}.Debug|Any CPU.Build.0 = Debug|Any CPU
		{256C0172-DEE8-4F1F-BF97-2AFA31D1DD00}.Release|Any CPU.ActiveCfg = Release|Any CPU
		{256C0172-DEE8-4F1F-BF97-2AFA31D1DD00}.Release|Any CPU.Build.0 = Release|Any CPU
	EndGlobalSection
EndGlobal
