
Microsoft Visual Studio Solution File, Format Version 12.00
# Visual Studio Version 16
VisualStudioVersion = 16.0.30503.244
MinimumVisualStudioVersion = 10.0.40219.1
Project("{9A19103F-16F7-4668-BE54-9A1E7A4F7556}") = "GodotTools.ProjectEditor", "GodotTools.ProjectEditor\GodotTools.ProjectEditor.csproj", "{6BDC4327-B55C-4DDC-8D2B-38E38F0394FD}"
EndProject
Project("{9A19103F-16F7-4668-BE54-9A1E7A4F7556}") = "GodotTools", "GodotTools\GodotTools.csproj", "{A1DB87FC-970D-498C-84F6-424153BF9600}"
EndProject
Project("{9A19103F-16F7-4668-BE54-9A1E7A4F7556}") = "GodotTools.Core", "GodotTools.Core\GodotTools.Core.csproj", "{4CDF58D5-E2DD-4CB0-B093-ACBC953F98A5}"
EndProject
Project("{9A19103F-16F7-4668-BE54-9A1E7A4F7556}") = "GodotTools.BuildLogger", "GodotTools.BuildLogger\GodotTools.BuildLogger.csproj", "{9AE7E69D-E2A7-4295-99E2-474487DB6F9E}"
EndProject
Project("{9A19103F-16F7-4668-BE54-9A1E7A4F7556}") = "GodotTools.OpenVisualStudio", "GodotTools.OpenVisualStudio\GodotTools.OpenVisualStudio.csproj", "{8234C5D1-43C6-4E3E-A7DA-4DAF11CF355F}"
EndProject
Project("{9A19103F-16F7-4668-BE54-9A1E7A4F7556}") = "GodotTools.IdeMessaging", "GodotTools.IdeMessaging\GodotTools.IdeMessaging.csproj", "{C55B8016-B473-44BE-BD75-EB62B7BDFC5B}"
EndProject
Global
	GlobalSection(SolutionConfigurationPlatforms) = preSolution
		Debug|Any CPU = Debug|Any CPU
		Debug|x64 = Debug|x64
		Release|Any CPU = Release|Any CPU
		Release|x64 = Release|x64
	EndGlobalSection
	GlobalSection(ProjectConfigurationPlatforms) = postSolution
		{6BDC4327-B55C-4DDC-8D2B-38E38F0394FD}.Debug|Any CPU.ActiveCfg = Debug|Any CPU
		{6BDC4327-B55C-4DDC-8D2B-38E38F0394FD}.Debug|Any CPU.Build.0 = Debug|Any CPU
		{6BDC4327-B55C-4DDC-8D2B-38E38F0394FD}.Debug|x64.ActiveCfg = Debug|Any CPU
		{6BDC4327-B55C-4DDC-8D2B-38E38F0394FD}.Debug|x64.Build.0 = Debug|Any CPU
		{6BDC4327-B55C-4DDC-8D2B-38E38F0394FD}.Release|Any CPU.ActiveCfg = Release|Any CPU
		{6BDC4327-B55C-4DDC-8D2B-38E38F0394FD}.Release|Any CPU.Build.0 = Release|Any CPU
		{6BDC4327-B55C-4DDC-8D2B-38E38F0394FD}.Release|x64.ActiveCfg = Release|x64
		{6BDC4327-B55C-4DDC-8D2B-38E38F0394FD}.Release|x64.Build.0 = Release|x64
		{A1DB87FC-970D-498C-84F6-424153BF9600}.Debug|Any CPU.ActiveCfg = Debug|Any CPU
		{A1DB87FC-970D-498C-84F6-424153BF9600}.Debug|Any CPU.Build.0 = Debug|Any CPU
		{A1DB87FC-970D-498C-84F6-424153BF9600}.Debug|x64.ActiveCfg = Debug|Any CPU
		{A1DB87FC-970D-498C-84F6-424153BF9600}.Debug|x64.Build.0 = Debug|Any CPU
		{A1DB87FC-970D-498C-84F6-424153BF9600}.Release|Any CPU.ActiveCfg = Release|Any CPU
		{A1DB87FC-970D-498C-84F6-424153BF9600}.Release|Any CPU.Build.0 = Release|Any CPU
		{A1DB87FC-970D-498C-84F6-424153BF9600}.Release|x64.ActiveCfg = Release|x64
		{A1DB87FC-970D-498C-84F6-424153BF9600}.Release|x64.Build.0 = Release|x64
		{4CDF58D5-E2DD-4CB0-B093-ACBC953F98A5}.Debug|Any CPU.ActiveCfg = Debug|Any CPU
		{4CDF58D5-E2DD-4CB0-B093-ACBC953F98A5}.Debug|Any CPU.Build.0 = Debug|Any CPU
		{4CDF58D5-E2DD-4CB0-B093-ACBC953F98A5}.Debug|x64.ActiveCfg = Debug|Any CPU
		{4CDF58D5-E2DD-4CB0-B093-ACBC953F98A5}.Debug|x64.Build.0 = Debug|Any CPU
		{4CDF58D5-E2DD-4CB0-B093-ACBC953F98A5}.Release|Any CPU.ActiveCfg = Release|Any CPU
		{4CDF58D5-E2DD-4CB0-B093-ACBC953F98A5}.Release|Any CPU.Build.0 = Release|Any CPU
		{4CDF58D5-E2DD-4CB0-B093-ACBC953F98A5}.Release|x64.ActiveCfg = Release|x64
		{4CDF58D5-E2DD-4CB0-B093-ACBC953F98A5}.Release|x64.Build.0 = Release|x64
		{9AE7E69D-E2A7-4295-99E2-474487DB6F9E}.Debug|Any CPU.ActiveCfg = Debug|Any CPU
		{9AE7E69D-E2A7-4295-99E2-474487DB6F9E}.Debug|Any CPU.Build.0 = Debug|Any CPU
		{9AE7E69D-E2A7-4295-99E2-474487DB6F9E}.Debug|x64.ActiveCfg = Debug|Any CPU
		{9AE7E69D-E2A7-4295-99E2-474487DB6F9E}.Debug|x64.Build.0 = Debug|Any CPU
		{9AE7E69D-E2A7-4295-99E2-474487DB6F9E}.Release|Any CPU.ActiveCfg = Release|Any CPU
		{9AE7E69D-E2A7-4295-99E2-474487DB6F9E}.Release|Any CPU.Build.0 = Release|Any CPU
		{9AE7E69D-E2A7-4295-99E2-474487DB6F9E}.Release|x64.ActiveCfg = Release|x64
		{9AE7E69D-E2A7-4295-99E2-474487DB6F9E}.Release|x64.Build.0 = Release|x64
		{8234C5D1-43C6-4E3E-A7DA-4DAF11CF355F}.Debug|Any CPU.ActiveCfg = Debug|Any CPU
		{8234C5D1-43C6-4E3E-A7DA-4DAF11CF355F}.Debug|Any CPU.Build.0 = Debug|Any CPU
		{8234C5D1-43C6-4E3E-A7DA-4DAF11CF355F}.Debug|x64.ActiveCfg = Debug|Any CPU
		{8234C5D1-43C6-4E3E-A7DA-4DAF11CF355F}.Debug|x64.Build.0 = Debug|Any CPU
		{8234C5D1-43C6-4E3E-A7DA-4DAF11CF355F}.Release|Any CPU.ActiveCfg = Release|Any CPU
		{8234C5D1-43C6-4E3E-A7DA-4DAF11CF355F}.Release|Any CPU.Build.0 = Release|Any CPU
		{8234C5D1-43C6-4E3E-A7DA-4DAF11CF355F}.Release|x64.ActiveCfg = Release|x64
		{8234C5D1-43C6-4E3E-A7DA-4DAF11CF355F}.Release|x64.Build.0 = Release|x64
		{C55B8016-B473-44BE-BD75-EB62B7BDFC5B}.Debug|Any CPU.ActiveCfg = Debug|Any CPU
		{C55B8016-B473-44BE-BD75-EB62B7BDFC5B}.Debug|Any CPU.Build.0 = Debug|Any CPU
		{C55B8016-B473-44BE-BD75-EB62B7BDFC5B}.Debug|x64.ActiveCfg = Debug|Any CPU
		{C55B8016-B473-44BE-BD75-EB62B7BDFC5B}.Debug|x64.Build.0 = Debug|Any CPU
		{C55B8016-B473-44BE-BD75-EB62B7BDFC5B}.Release|Any CPU.ActiveCfg = Release|Any CPU
		{C55B8016-B473-44BE-BD75-EB62B7BDFC5B}.Release|Any CPU.Build.0 = Release|Any CPU
		{C55B8016-B473-44BE-BD75-EB62B7BDFC5B}.Release|x64.ActiveCfg = Release|x64
		{C55B8016-B473-44BE-BD75-EB62B7BDFC5B}.Release|x64.Build.0 = Release|x64
	EndGlobalSection
	GlobalSection(SolutionProperties) = preSolution
		HideSolutionNode = FALSE
	EndGlobalSection
	GlobalSection(ExtensibilityGlobals) = postSolution
		SolutionGuid = {A7769828-E6DE-4B86-8123-CFF4EAD7C46B}
	EndGlobalSection
EndGlobal
